{
  "pins" : [
    {
      "identity" : "combinedatasources",
      "kind" : "remoteSourceControl",
      "location" : "https://github.com/CombineCommunity/CombineDataSources.git",
      "state" : {
        "revision" : "362795e0336f2c1637036f692a3b5d05806302b4",
        "version" : "0.2.5"
      }
    },
    {
      "identity" : "snapkit",
      "kind" : "remoteSourceControl",
      "location" : "https://github.com/SnapKit/SnapKit.git",
      "state" : {
        "revision" : "e74fe2a978d1216c3602b129447c7301573cc2d8",
        "version" : "5.7.0"
      }
    }
  ],
  "version" : 2
}
