// !$*UTF8*$!
{
	archiveVersion = 1;
	classes = {
	};
	objectVersion = 56;
	objects = {

/* Begin PBXBuildFile section */
		01037B4D2B62B7B4005FEFC2 /* SnapKit in Frameworks */ = {isa = PBXBuildFile; productRef = 01037B4C2B62B7B4005FEFC2 /* SnapKit */; };
		01037B4F2B62B7B4005FEFC2 /* SnapKit-Dynamic in Frameworks */ = {isa = PBXBuildFile; productRef = 01037B4E2B62B7B4005FEFC2 /* SnapKit-Dynamic */; };
		01037B522B633148005FEFC2 /* AddWatchlistItemViewController.swift in Sources */ = {isa = PBXBuildFile; fileRef = 01037B512B633148005FEFC2 /* AddWatchlistItemViewController.swift */; };
		01037B542B63316C005FEFC2 /* SymbolSearchView.swift in Sources */ = {isa = PBXBuildFile; fileRef = 01037B532B63316C005FEFC2 /* SymbolSearchView.swift */; };
		01037B562B633B6C005FEFC2 /* SearchSymbolViewModel.swift in Sources */ = {isa = PBXBuildFile; fileRef = 01037B552B633B6C005FEFC2 /* SearchSymbolViewModel.swift */; };
		01037B592B63ADA8005FEFC2 /* UITextField+Publisher.swift in Sources */ = {isa = PBXBuildFile; fileRef = 01037B582B63ADA8005FEFC2 /* UITextField+Publisher.swift */; };
		01037B5B2B63AFC8005FEFC2 /* SearchSymbolRequest.swift in Sources */ = {isa = PBXBuildFile; fileRef = 01037B5A2B63AFC8005FEFC2 /* SearchSymbolRequest.swift */; };
		01037B5D2B63B3BD005FEFC2 /* SearchSymbolResponse.swift in Sources */ = {isa = PBXBuildFile; fileRef = 01037B5C2B63B3BD005FEFC2 /* SearchSymbolResponse.swift */; };
		01037B612B63BC24005FEFC2 /* DataJSONDecoder.swift in Sources */ = {isa = PBXBuildFile; fileRef = 01037B602B63BC24005FEFC2 /* DataJSONDecoder.swift */; };
		01037B632B63E32F005FEFC2 /* APIError.swift in Sources */ = {isa = PBXBuildFile; fileRef = 01037B622B63E32F005FEFC2 /* APIError.swift */; };
		010D09922B60155100763897 /* TypedViewController.swift in Sources */ = {isa = PBXBuildFile; fileRef = 010D09912B60155100763897 /* TypedViewController.swift */; };
		010D09962B601AA700763897 /* WatchlistViewModel.swift in Sources */ = {isa = PBXBuildFile; fileRef = 010D09952B601AA700763897 /* WatchlistViewModel.swift */; };
		010D099B2B601C9600763897 /* APIClient.swift in Sources */ = {isa = PBXBuildFile; fileRef = 010D099A2B601C9600763897 /* APIClient.swift */; };
		010D099E2B6028D200763897 /* StockQuoteResponse.swift in Sources */ = {isa = PBXBuildFile; fileRef = 010D099D2B6028D200763897 /* StockQuoteResponse.swift */; };
		010D09A02B602B9A00763897 /* HttpMethod.swift in Sources */ = {isa = PBXBuildFile; fileRef = 010D099F2B602B9A00763897 /* HttpMethod.swift */; };
		010D09A22B602F0F00763897 /* Request.swift in Sources */ = {isa = PBXBuildFile; fileRef = 010D09A12B602F0F00763897 /* Request.swift */; };
		012055802B608A8200FD95AA /* WatchlistService.swift in Sources */ = {isa = PBXBuildFile; fileRef = 0120557F2B608A8200FD95AA /* WatchlistService.swift */; };
		012055822B60971300FD95AA /* WatchlistItemTableViewCell.swift in Sources */ = {isa = PBXBuildFile; fileRef = 012055812B60971300FD95AA /* WatchlistItemTableViewCell.swift */; };
		012055842B615AB300FD95AA /* QuotesRequest.swift in Sources */ = {isa = PBXBuildFile; fileRef = 012055832B615AB300FD95AA /* QuotesRequest.swift */; };
		014A633E2B6AC62C008F4BE3 /* WatchlistView.swift in Sources */ = {isa = PBXBuildFile; fileRef = 014A633D2B6AC62C008F4BE3 /* WatchlistView.swift */; };
		014A63402B6ACDE1008F4BE3 /* AsyncResult.swift in Sources */ = {isa = PBXBuildFile; fileRef = 014A633F2B6ACDE1008F4BE3 /* AsyncResult.swift */; };
		015B51F02B5EE122000F7071 /* AppDelegate.swift in Sources */ = {isa = PBXBuildFile; fileRef = 015B51EF2B5EE122000F7071 /* AppDelegate.swift */; };
		015B51F22B5EE122000F7071 /* SceneDelegate.swift in Sources */ = {isa = PBXBuildFile; fileRef = 015B51F12B5EE122000F7071 /* SceneDelegate.swift */; };
		015B51F42B5EE122000F7071 /* WatchlistViewController.swift in Sources */ = {isa = PBXBuildFile; fileRef = 015B51F32B5EE122000F7071 /* WatchlistViewController.swift */; };
		015B51F92B5EE123000F7071 /* Assets.xcassets in Resources */ = {isa = PBXBuildFile; fileRef = 015B51F82B5EE123000F7071 /* Assets.xcassets */; };
		015B51FC2B5EE123000F7071 /* LaunchScreen.storyboard in Resources */ = {isa = PBXBuildFile; fileRef = 015B51FA2B5EE123000F7071 /* LaunchScreen.storyboard */; };
		015B52072B5EE124000F7071 /* tasty_assignmentTests.swift in Sources */ = {isa = PBXBuildFile; fileRef = 015B52062B5EE124000F7071 /* tasty_assignmentTests.swift */; };
		015B52112B5EE124000F7071 /* tasty_assignmentUITests.swift in Sources */ = {isa = PBXBuildFile; fileRef = 015B52102B5EE124000F7071 /* tasty_assignmentUITests.swift */; };
		015B52132B5EE124000F7071 /* tasty_assignmentUITestsLaunchTests.swift in Sources */ = {isa = PBXBuildFile; fileRef = 015B52122B5EE124000F7071 /* tasty_assignmentUITestsLaunchTests.swift */; };
		01B602332B649C0900E6B7BB /* SymbolSearchResultTableViewCell.swift in Sources */ = {isa = PBXBuildFile; fileRef = 01B602322B649C0900E6B7BB /* SymbolSearchResultTableViewCell.swift */; };
		01B602382B65874E00E6B7BB /* SymbolDetailsViewController.swift in Sources */ = {isa = PBXBuildFile; fileRef = 01B602372B65874E00E6B7BB /* SymbolDetailsViewController.swift */; };
		01B6023A2B6587F400E6B7BB /* ChartView.swift in Sources */ = {isa = PBXBuildFile; fileRef = 01B602392B6587F400E6B7BB /* ChartView.swift */; };
		01B6023D2B65885400E6B7BB /* DGCharts in Frameworks */ = {isa = PBXBuildFile; productRef = 01B6023C2B65885400E6B7BB /* DGCharts */; };
		01B6023F2B65885400E6B7BB /* DGChartsDynamic in Frameworks */ = {isa = PBXBuildFile; productRef = 01B6023E2B65885400E6B7BB /* DGChartsDynamic */; };
		01B602412B65896C00E6B7BB /* SymbolDetailsView.swift in Sources */ = {isa = PBXBuildFile; fileRef = 01B602402B65896C00E6B7BB /* SymbolDetailsView.swift */; };
		01B602432B65930500E6B7BB /* QuotesStackView.swift in Sources */ = {isa = PBXBuildFile; fileRef = 01B602422B65930500E6B7BB /* QuotesStackView.swift */; };
		01B602452B65A4E800E6B7BB /* Publishers.swift in Sources */ = {isa = PBXBuildFile; fileRef = 01B602442B65A4E800E6B7BB /* Publishers.swift */; };
		01B602482B69A60D00E6B7BB /* MyWatchlistsViewController.swift in Sources */ = {isa = PBXBuildFile; fileRef = 01B602472B69A60D00E6B7BB /* MyWatchlistsViewController.swift */; };
		01B6024A2B69A62B00E6B7BB /* MyWatchlistsView.swift in Sources */ = {isa = PBXBuildFile; fileRef = 01B602492B69A62B00E6B7BB /* MyWatchlistsView.swift */; };
		01B6024C2B69AA3E00E6B7BB /* MyWatchlistsTableViewCell.swift in Sources */ = {isa = PBXBuildFile; fileRef = 01B6024B2B69AA3E00E6B7BB /* MyWatchlistsTableViewCell.swift */; };
		01D41D952B62B731004B6789 /* Typography.swift in Sources */ = {isa = PBXBuildFile; fileRef = 01D41D942B62B731004B6789 /* Typography.swift */; };
		01F8208E2B6B0694006CE2BD /* MyWatchlistsViewModel.swift in Sources */ = {isa = PBXBuildFile; fileRef = 01F8208D2B6B0694006CE2BD /* MyWatchlistsViewModel.swift */; };
		01F820922B6B13B9006CE2BD /* WatchlistStorage.swift in Sources */ = {isa = PBXBuildFile; fileRef = 01F820912B6B13B9006CE2BD /* WatchlistStorage.swift */; };
/* End PBXBuildFile section */

/* Begin PBXContainerItemProxy section */
		015B52032B5EE124000F7071 /* PBXContainerItemProxy */ = {
			isa = PBXContainerItemProxy;
			containerPortal = 015B51E42B5EE122000F7071 /* Project object */;
			proxyType = 1;
			remoteGlobalIDString = 015B51EB2B5EE122000F7071;
			remoteInfo = "tasty-assignment";
		};
		015B520D2B5EE124000F7071 /* PBXContainerItemProxy */ = {
			isa = PBXContainerItemProxy;
			containerPortal = 015B51E42B5EE122000F7071 /* Project object */;
			proxyType = 1;
			remoteGlobalIDString = 015B51EB2B5EE122000F7071;
			remoteInfo = "tasty-assignment";
		};
/* End PBXContainerItemProxy section */

/* Begin PBXFileReference section */
		01037B512B633148005FEFC2 /* AddWatchlistItemViewController.swift */ = {isa = PBXFileReference; lastKnownFileType = sourcecode.swift; path = AddWatchlistItemViewController.swift; sourceTree = "<group>"; };
		01037B532B63316C005FEFC2 /* SymbolSearchView.swift */ = {isa = PBXFileReference; lastKnownFileType = sourcecode.swift; path = SymbolSearchView.swift; sourceTree = "<group>"; };
		01037B552B633B6C005FEFC2 /* SearchSymbolViewModel.swift */ = {isa = PBXFileReference; lastKnownFileType = sourcecode.swift; path = SearchSymbolViewModel.swift; sourceTree = "<group>"; };
		01037B582B63ADA8005FEFC2 /* UITextField+Publisher.swift */ = {isa = PBXFileReference; lastKnownFileType = sourcecode.swift; path = "UITextField+Publisher.swift"; sourceTree = "<group>"; };
		01037B5A2B63AFC8005FEFC2 /* SearchSymbolRequest.swift */ = {isa = PBXFileReference; lastKnownFileType = sourcecode.swift; path = SearchSymbolRequest.swift; sourceTree = "<group>"; };
		01037B5C2B63B3BD005FEFC2 /* SearchSymbolResponse.swift */ = {isa = PBXFileReference; lastKnownFileType = sourcecode.swift; path = SearchSymbolResponse.swift; sourceTree = "<group>"; };
		01037B602B63BC24005FEFC2 /* DataJSONDecoder.swift */ = {isa = PBXFileReference; lastKnownFileType = sourcecode.swift; path = DataJSONDecoder.swift; sourceTree = "<group>"; };
		01037B622B63E32F005FEFC2 /* APIError.swift */ = {isa = PBXFileReference; lastKnownFileType = sourcecode.swift; path = APIError.swift; sourceTree = "<group>"; };
		010D09912B60155100763897 /* TypedViewController.swift */ = {isa = PBXFileReference; lastKnownFileType = sourcecode.swift; path = TypedViewController.swift; sourceTree = "<group>"; };
		010D09952B601AA700763897 /* WatchlistViewModel.swift */ = {isa = PBXFileReference; lastKnownFileType = sourcecode.swift; path = WatchlistViewModel.swift; sourceTree = "<group>"; };
		010D099A2B601C9600763897 /* APIClient.swift */ = {isa = PBXFileReference; lastKnownFileType = sourcecode.swift; path = APIClient.swift; sourceTree = "<group>"; };
		010D099D2B6028D200763897 /* StockQuoteResponse.swift */ = {isa = PBXFileReference; lastKnownFileType = sourcecode.swift; path = StockQuoteResponse.swift; sourceTree = "<group>"; };
		010D099F2B602B9A00763897 /* HttpMethod.swift */ = {isa = PBXFileReference; lastKnownFileType = sourcecode.swift; path = HttpMethod.swift; sourceTree = "<group>"; };
		010D09A12B602F0F00763897 /* Request.swift */ = {isa = PBXFileReference; lastKnownFileType = sourcecode.swift; path = Request.swift; sourceTree = "<group>"; };
		0120557F2B608A8200FD95AA /* WatchlistService.swift */ = {isa = PBXFileReference; lastKnownFileType = sourcecode.swift; path = WatchlistService.swift; sourceTree = "<group>"; };
		012055812B60971300FD95AA /* WatchlistItemTableViewCell.swift */ = {isa = PBXFileReference; lastKnownFileType = sourcecode.swift; path = WatchlistItemTableViewCell.swift; sourceTree = "<group>"; };
		012055832B615AB300FD95AA /* QuotesRequest.swift */ = {isa = PBXFileReference; lastKnownFileType = sourcecode.swift; path = QuotesRequest.swift; sourceTree = "<group>"; };
		014A633D2B6AC62C008F4BE3 /* WatchlistView.swift */ = {isa = PBXFileReference; lastKnownFileType = sourcecode.swift; path = WatchlistView.swift; sourceTree = "<group>"; };
		014A633F2B6ACDE1008F4BE3 /* AsyncResult.swift */ = {isa = PBXFileReference; lastKnownFileType = sourcecode.swift; path = AsyncResult.swift; sourceTree = "<group>"; };
		015B51EC2B5EE122000F7071 /* tasty-assignment.app */ = {isa = PBXFileReference; explicitFileType = wrapper.application; includeInIndex = 0; path = "tasty-assignment.app"; sourceTree = BUILT_PRODUCTS_DIR; };
		015B51EF2B5EE122000F7071 /* AppDelegate.swift */ = {isa = PBXFileReference; lastKnownFileType = sourcecode.swift; path = AppDelegate.swift; sourceTree = "<group>"; };
		015B51F12B5EE122000F7071 /* SceneDelegate.swift */ = {isa = PBXFileReference; lastKnownFileType = sourcecode.swift; path = SceneDelegate.swift; sourceTree = "<group>"; };
		015B51F32B5EE122000F7071 /* WatchlistViewController.swift */ = {isa = PBXFileReference; lastKnownFileType = sourcecode.swift; path = WatchlistViewController.swift; sourceTree = "<group>"; };
		015B51F82B5EE123000F7071 /* Assets.xcassets */ = {isa = PBXFileReference; lastKnownFileType = folder.assetcatalog; path = Assets.xcassets; sourceTree = "<group>"; };
		015B51FB2B5EE123000F7071 /* Base */ = {isa = PBXFileReference; lastKnownFileType = file.storyboard; name = Base; path = Base.lproj/LaunchScreen.storyboard; sourceTree = "<group>"; };
		015B51FD2B5EE123000F7071 /* Info.plist */ = {isa = PBXFileReference; lastKnownFileType = text.plist.xml; path = Info.plist; sourceTree = "<group>"; };
		015B52022B5EE124000F7071 /* tasty-assignmentTests.xctest */ = {isa = PBXFileReference; explicitFileType = wrapper.cfbundle; includeInIndex = 0; path = "tasty-assignmentTests.xctest"; sourceTree = BUILT_PRODUCTS_DIR; };
		015B52062B5EE124000F7071 /* tasty_assignmentTests.swift */ = {isa = PBXFileReference; lastKnownFileType = sourcecode.swift; path = tasty_assignmentTests.swift; sourceTree = "<group>"; };
		015B520C2B5EE124000F7071 /* tasty-assignmentUITests.xctest */ = {isa = PBXFileReference; explicitFileType = wrapper.cfbundle; includeInIndex = 0; path = "tasty-assignmentUITests.xctest"; sourceTree = BUILT_PRODUCTS_DIR; };
		015B52102B5EE124000F7071 /* tasty_assignmentUITests.swift */ = {isa = PBXFileReference; lastKnownFileType = sourcecode.swift; path = tasty_assignmentUITests.swift; sourceTree = "<group>"; };
		015B52122B5EE124000F7071 /* tasty_assignmentUITestsLaunchTests.swift */ = {isa = PBXFileReference; lastKnownFileType = sourcecode.swift; path = tasty_assignmentUITestsLaunchTests.swift; sourceTree = "<group>"; };
		01B602322B649C0900E6B7BB /* SymbolSearchResultTableViewCell.swift */ = {isa = PBXFileReference; lastKnownFileType = sourcecode.swift; path = SymbolSearchResultTableViewCell.swift; sourceTree = "<group>"; };
		01B602372B65874E00E6B7BB /* SymbolDetailsViewController.swift */ = {isa = PBXFileReference; lastKnownFileType = sourcecode.swift; path = SymbolDetailsViewController.swift; sourceTree = "<group>"; };
		01B602392B6587F400E6B7BB /* ChartView.swift */ = {isa = PBXFileReference; lastKnownFileType = sourcecode.swift; path = ChartView.swift; sourceTree = "<group>"; };
		01B602402B65896C00E6B7BB /* SymbolDetailsView.swift */ = {isa = PBXFileReference; lastKnownFileType = sourcecode.swift; path = SymbolDetailsView.swift; sourceTree = "<group>"; };
		01B602422B65930500E6B7BB /* QuotesStackView.swift */ = {isa = PBXFileReference; lastKnownFileType = sourcecode.swift; path = QuotesStackView.swift; sourceTree = "<group>"; };
		01B602442B65A4E800E6B7BB /* Publishers.swift */ = {isa = PBXFileReference; lastKnownFileType = sourcecode.swift; path = Publishers.swift; sourceTree = "<group>"; };
		01B602472B69A60D00E6B7BB /* MyWatchlistsViewController.swift */ = {isa = PBXFileReference; lastKnownFileType = sourcecode.swift; path = MyWatchlistsViewController.swift; sourceTree = "<group>"; };
		01B602492B69A62B00E6B7BB /* MyWatchlistsView.swift */ = {isa = PBXFileReference; lastKnownFileType = sourcecode.swift; path = MyWatchlistsView.swift; sourceTree = "<group>"; };
		01B6024B2B69AA3E00E6B7BB /* MyWatchlistsTableViewCell.swift */ = {isa = PBXFileReference; lastKnownFileType = sourcecode.swift; path = MyWatchlistsTableViewCell.swift; sourceTree = "<group>"; };
		01D41D942B62B731004B6789 /* Typography.swift */ = {isa = PBXFileReference; fileEncoding = 4; lastKnownFileType = sourcecode.swift; path = Typography.swift; sourceTree = "<group>"; };
		01F8208D2B6B0694006CE2BD /* MyWatchlistsViewModel.swift */ = {isa = PBXFileReference; lastKnownFileType = sourcecode.swift; path = MyWatchlistsViewModel.swift; sourceTree = "<group>"; };
		01F820912B6B13B9006CE2BD /* WatchlistStorage.swift */ = {isa = PBXFileReference; fileEncoding = 4; lastKnownFileType = sourcecode.swift; path = WatchlistStorage.swift; sourceTree = "<group>"; };
/* End PBXFileReference section */

/* Begin PBXFrameworksBuildPhase section */
		015B51E92B5EE122000F7071 /* Frameworks */ = {
			isa = PBXFrameworksBuildPhase;
			buildActionMask = 2147483647;
			files = (
				01B6023D2B65885400E6B7BB /* DGCharts in Frameworks */,
				01037B4D2B62B7B4005FEFC2 /* SnapKit in Frameworks */,
				01037B4F2B62B7B4005FEFC2 /* SnapKit-Dynamic in Frameworks */,
				01B6023F2B65885400E6B7BB /* DGChartsDynamic in Frameworks */,
			);
			runOnlyForDeploymentPostprocessing = 0;
		};
		015B51FF2B5EE124000F7071 /* Frameworks */ = {
			isa = PBXFrameworksBuildPhase;
			buildActionMask = 2147483647;
			files = (
			);
			runOnlyForDeploymentPostprocessing = 0;
		};
		015B52092B5EE124000F7071 /* Frameworks */ = {
			isa = PBXFrameworksBuildPhase;
			buildActionMask = 2147483647;
			files = (
			);
			runOnlyForDeploymentPostprocessing = 0;
		};
/* End PBXFrameworksBuildPhase section */

/* Begin PBXGroup section */
		01037B502B633130005FEFC2 /* AddSymbolToWatchlist */ = {
			isa = PBXGroup;
			children = (
				01037B512B633148005FEFC2 /* AddWatchlistItemViewController.swift */,
				01037B532B63316C005FEFC2 /* SymbolSearchView.swift */,
				01037B552B633B6C005FEFC2 /* SearchSymbolViewModel.swift */,
				01B602322B649C0900E6B7BB /* SymbolSearchResultTableViewCell.swift */,
			);
			path = AddSymbolToWatchlist;
			sourceTree = "<group>";
		};
		01037B572B63AD93005FEFC2 /* Extensions */ = {
			isa = PBXGroup;
			children = (
				01037B582B63ADA8005FEFC2 /* UITextField+Publisher.swift */,
				01B602442B65A4E800E6B7BB /* Publishers.swift */,
			);
			path = Extensions;
			sourceTree = "<group>";
		};
		010D098C2B600B2B00763897 /* Scenes */ = {
			isa = PBXGroup;
			children = (
				01B602462B69A5FB00E6B7BB /* MyWatchlists */,
				01B602362B65873400E6B7BB /* QuoteDetails */,
				01037B502B633130005FEFC2 /* AddSymbolToWatchlist */,
				010D098D2B600B3000763897 /* Watchlist */,
			);
			path = Scenes;
			sourceTree = "<group>";
		};
		010D098D2B600B3000763897 /* Watchlist */ = {
			isa = PBXGroup;
			children = (
				015B51F32B5EE122000F7071 /* WatchlistViewController.swift */,
				010D09952B601AA700763897 /* WatchlistViewModel.swift */,
				012055812B60971300FD95AA /* WatchlistItemTableViewCell.swift */,
				014A633D2B6AC62C008F4BE3 /* WatchlistView.swift */,
			);
			path = Watchlist;
			sourceTree = "<group>";
		};
		010D098E2B600E4200763897 /* Resources */ = {
			isa = PBXGroup;
			children = (
				01D41D932B62B731004B6789 /* Typography */,
			);
			path = Resources;
			sourceTree = "<group>";
		};
		010D098F2B600FAA00763897 /* Common */ = {
			isa = PBXGroup;
			children = (
				01037B572B63AD93005FEFC2 /* Extensions */,
				010D09902B600FBF00763897 /* UI */,
			);
			path = Common;
			sourceTree = "<group>";
		};
		010D09902B600FBF00763897 /* UI */ = {
			isa = PBXGroup;
			children = (
				010D09912B60155100763897 /* TypedViewController.swift */,
				01B602422B65930500E6B7BB /* QuotesStackView.swift */,
			);
			path = UI;
			sourceTree = "<group>";
		};
		010D09972B601C5800763897 /* Network */ = {
			isa = PBXGroup;
			children = (
				01B602342B649D6000E6B7BB /* Watchlist */,
				010D09982B601C6000763897 /* APIClient */,
				014A633F2B6ACDE1008F4BE3 /* AsyncResult.swift */,
			);
			path = Network;
			sourceTree = "<group>";
		};
		010D09982B601C6000763897 /* APIClient */ = {
			isa = PBXGroup;
			children = (
				010D099A2B601C9600763897 /* APIClient.swift */,
				010D099F2B602B9A00763897 /* HttpMethod.swift */,
				010D09A12B602F0F00763897 /* Request.swift */,
				01037B602B63BC24005FEFC2 /* DataJSONDecoder.swift */,
				01037B622B63E32F005FEFC2 /* APIError.swift */,
			);
			path = APIClient;
			sourceTree = "<group>";
		};
		010D099C2B6028C600763897 /* Model */ = {
			isa = PBXGroup;
			children = (
				01037B5A2B63AFC8005FEFC2 /* SearchSymbolRequest.swift */,
				01037B5C2B63B3BD005FEFC2 /* SearchSymbolResponse.swift */,
			);
			path = Model;
			sourceTree = "<group>";
		};
		015B51E32B5EE122000F7071 = {
			isa = PBXGroup;
			children = (
				015B51EE2B5EE122000F7071 /* tasty-assignment */,
				015B52052B5EE124000F7071 /* tasty-assignmentTests */,
				015B520F2B5EE124000F7071 /* tasty-assignmentUITests */,
				015B51ED2B5EE122000F7071 /* Products */,
			);
			sourceTree = "<group>";
		};
		015B51ED2B5EE122000F7071 /* Products */ = {
			isa = PBXGroup;
			children = (
				015B51EC2B5EE122000F7071 /* tasty-assignment.app */,
				015B52022B5EE124000F7071 /* tasty-assignmentTests.xctest */,
				015B520C2B5EE124000F7071 /* tasty-assignmentUITests.xctest */,
			);
			name = Products;
			sourceTree = "<group>";
		};
		015B51EE2B5EE122000F7071 /* tasty-assignment */ = {
			isa = PBXGroup;
			children = (
				01F820902B6B13B9006CE2BD /* Persistance */,
				010D099C2B6028C600763897 /* Model */,
				010D09972B601C5800763897 /* Network */,
				010D098F2B600FAA00763897 /* Common */,
				010D098E2B600E4200763897 /* Resources */,
				010D098C2B600B2B00763897 /* Scenes */,
				015B51EF2B5EE122000F7071 /* AppDelegate.swift */,
				015B51F12B5EE122000F7071 /* SceneDelegate.swift */,
				015B51F82B5EE123000F7071 /* Assets.xcassets */,
				015B51FA2B5EE123000F7071 /* LaunchScreen.storyboard */,
				015B51FD2B5EE123000F7071 /* Info.plist */,
			);
			path = "tasty-assignment";
			sourceTree = "<group>";
		};
		015B52052B5EE124000F7071 /* tasty-assignmentTests */ = {
			isa = PBXGroup;
			children = (
				015B52062B5EE124000F7071 /* tasty_assignmentTests.swift */,
			);
			path = "tasty-assignmentTests";
			sourceTree = "<group>";
		};
		015B520F2B5EE124000F7071 /* tasty-assignmentUITests */ = {
			isa = PBXGroup;
			children = (
				015B52102B5EE124000F7071 /* tasty_assignmentUITests.swift */,
				015B52122B5EE124000F7071 /* tasty_assignmentUITestsLaunchTests.swift */,
			);
			path = "tasty-assignmentUITests";
			sourceTree = "<group>";
		};
		01B602342B649D6000E6B7BB /* Watchlist */ = {
			isa = PBXGroup;
			children = (
				0120557F2B608A8200FD95AA /* WatchlistService.swift */,
				01B602352B649D6E00E6B7BB /* Quotes */,
			);
			path = Watchlist;
			sourceTree = "<group>";
		};
		01B602352B649D6E00E6B7BB /* Quotes */ = {
			isa = PBXGroup;
			children = (
				010D099D2B6028D200763897 /* StockQuoteResponse.swift */,
				012055832B615AB300FD95AA /* QuotesRequest.swift */,
			);
			path = Quotes;
			sourceTree = "<group>";
		};
		01B602362B65873400E6B7BB /* QuoteDetails */ = {
			isa = PBXGroup;
			children = (
				01B602372B65874E00E6B7BB /* SymbolDetailsViewController.swift */,
				01B602392B6587F400E6B7BB /* ChartView.swift */,
				01B602402B65896C00E6B7BB /* SymbolDetailsView.swift */,
			);
			path = QuoteDetails;
			sourceTree = "<group>";
		};
		01B602462B69A5FB00E6B7BB /* MyWatchlists */ = {
			isa = PBXGroup;
			children = (
				01B602472B69A60D00E6B7BB /* MyWatchlistsViewController.swift */,
				01B602492B69A62B00E6B7BB /* MyWatchlistsView.swift */,
				01B6024B2B69AA3E00E6B7BB /* MyWatchlistsTableViewCell.swift */,
				01F8208D2B6B0694006CE2BD /* MyWatchlistsViewModel.swift */,
			);
			path = MyWatchlists;
			sourceTree = "<group>";
		};
		01D41D932B62B731004B6789 /* Typography */ = {
			isa = PBXGroup;
			children = (
				01D41D942B62B731004B6789 /* Typography.swift */,
			);
			path = Typography;
			sourceTree = "<group>";
		};
		01F820902B6B13B9006CE2BD /* Persistance */ = {
			isa = PBXGroup;
			children = (
				01F820912B6B13B9006CE2BD /* WatchlistStorage.swift */,
			);
			path = Persistance;
			sourceTree = "<group>";
		};
/* End PBXGroup section */

/* Begin PBXNativeTarget section */
		015B51EB2B5EE122000F7071 /* tasty-assignment */ = {
			isa = PBXNativeTarget;
			buildConfigurationList = 015B52162B5EE124000F7071 /* Build configuration list for PBXNativeTarget "tasty-assignment" */;
			buildPhases = (
				015B51E82B5EE122000F7071 /* Sources */,
				015B51E92B5EE122000F7071 /* Frameworks */,
				015B51EA2B5EE122000F7071 /* Resources */,
			);
			buildRules = (
			);
			dependencies = (
			);
			name = "tasty-assignment";
			packageProductDependencies = (
				01037B4C2B62B7B4005FEFC2 /* SnapKit */,
				01037B4E2B62B7B4005FEFC2 /* SnapKit-Dynamic */,
				01B6023C2B65885400E6B7BB /* DGCharts */,
				01B6023E2B65885400E6B7BB /* DGChartsDynamic */,
			);
			productName = "tasty-assignment";
			productReference = 015B51EC2B5EE122000F7071 /* tasty-assignment.app */;
			productType = "com.apple.product-type.application";
		};
		015B52012B5EE124000F7071 /* tasty-assignmentTests */ = {
			isa = PBXNativeTarget;
			buildConfigurationList = 015B52192B5EE124000F7071 /* Build configuration list for PBXNativeTarget "tasty-assignmentTests" */;
			buildPhases = (
				015B51FE2B5EE124000F7071 /* Sources */,
				015B51FF2B5EE124000F7071 /* Frameworks */,
				015B52002B5EE124000F7071 /* Resources */,
			);
			buildRules = (
			);
			dependencies = (
				015B52042B5EE124000F7071 /* PBXTargetDependency */,
			);
			name = "tasty-assignmentTests";
			productName = "tasty-assignmentTests";
			productReference = 015B52022B5EE124000F7071 /* tasty-assignmentTests.xctest */;
			productType = "com.apple.product-type.bundle.unit-test";
		};
		015B520B2B5EE124000F7071 /* tasty-assignmentUITests */ = {
			isa = PBXNativeTarget;
			buildConfigurationList = 015B521C2B5EE124000F7071 /* Build configuration list for PBXNativeTarget "tasty-assignmentUITests" */;
			buildPhases = (
				015B52082B5EE124000F7071 /* Sources */,
				015B52092B5EE124000F7071 /* Frameworks */,
				015B520A2B5EE124000F7071 /* Resources */,
			);
			buildRules = (
			);
			dependencies = (
				015B520E2B5EE124000F7071 /* PBXTargetDependency */,
			);
			name = "tasty-assignmentUITests";
			productName = "tasty-assignmentUITests";
			productReference = 015B520C2B5EE124000F7071 /* tasty-assignmentUITests.xctest */;
			productType = "com.apple.product-type.bundle.ui-testing";
		};
/* End PBXNativeTarget section */

/* Begin PBXProject section */
		015B51E42B5EE122000F7071 /* Project object */ = {
			isa = PBXProject;
			attributes = {
				BuildIndependentTargetsInParallel = 1;
				LastSwiftUpdateCheck = 1520;
				LastUpgradeCheck = 1520;
				TargetAttributes = {
					015B51EB2B5EE122000F7071 = {
						CreatedOnToolsVersion = 15.2;
					};
					015B52012B5EE124000F7071 = {
						CreatedOnToolsVersion = 15.2;
						TestTargetID = 015B51EB2B5EE122000F7071;
					};
					015B520B2B5EE124000F7071 = {
						CreatedOnToolsVersion = 15.2;
						TestTargetID = 015B51EB2B5EE122000F7071;
					};
				};
			};
			buildConfigurationList = 015B51E72B5EE122000F7071 /* Build configuration list for PBXProject "tasty-assignment" */;
			compatibilityVersion = "Xcode 14.0";
			developmentRegion = en;
			hasScannedForEncodings = 0;
			knownRegions = (
				en,
				Base,
			);
			mainGroup = 015B51E32B5EE122000F7071;
			packageReferences = (
				01037B4B2B62B7B4005FEFC2 /* XCRemoteSwiftPackageReference "SnapKit" */,
				01B6023B2B65885400E6B7BB /* XCRemoteSwiftPackageReference "Charts" */,
			);
			productRefGroup = 015B51ED2B5EE122000F7071 /* Products */;
			projectDirPath = "";
			projectRoot = "";
			targets = (
				015B51EB2B5EE122000F7071 /* tasty-assignment */,
				015B52012B5EE124000F7071 /* tasty-assignmentTests */,
				015B520B2B5EE124000F7071 /* tasty-assignmentUITests */,
			);
		};
/* End PBXProject section */

/* Begin PBXResourcesBuildPhase section */
		015B51EA2B5EE122000F7071 /* Resources */ = {
			isa = PBXResourcesBuildPhase;
			buildActionMask = 2147483647;
			files = (
				015B51FC2B5EE123000F7071 /* LaunchScreen.storyboard in Resources */,
				015B51F92B5EE123000F7071 /* Assets.xcassets in Resources */,
			);
			runOnlyForDeploymentPostprocessing = 0;
		};
		015B52002B5EE124000F7071 /* Resources */ = {
			isa = PBXResourcesBuildPhase;
			buildActionMask = 2147483647;
			files = (
			);
			runOnlyForDeploymentPostprocessing = 0;
		};
		015B520A2B5EE124000F7071 /* Resources */ = {
			isa = PBXResourcesBuildPhase;
			buildActionMask = 2147483647;
			files = (
			);
			runOnlyForDeploymentPostprocessing = 0;
		};
/* End PBXResourcesBuildPhase section */

/* Begin PBXSourcesBuildPhase section */
		015B51E82B5EE122000F7071 /* Sources */ = {
			isa = PBXSourcesBuildPhase;
			buildActionMask = 2147483647;
			files = (
				012055822B60971300FD95AA /* WatchlistItemTableViewCell.swift in Sources */,
				01037B562B633B6C005FEFC2 /* SearchSymbolViewModel.swift in Sources */,
				01037B592B63ADA8005FEFC2 /* UITextField+Publisher.swift in Sources */,
				01B602382B65874E00E6B7BB /* SymbolDetailsViewController.swift in Sources */,
				01037B522B633148005FEFC2 /* AddWatchlistItemViewController.swift in Sources */,
				01B602432B65930500E6B7BB /* QuotesStackView.swift in Sources */,
				010D099B2B601C9600763897 /* APIClient.swift in Sources */,
				015B51F42B5EE122000F7071 /* WatchlistViewController.swift in Sources */,
				01F8208E2B6B0694006CE2BD /* MyWatchlistsViewModel.swift in Sources */,
				01B602482B69A60D00E6B7BB /* MyWatchlistsViewController.swift in Sources */,
				01B6024C2B69AA3E00E6B7BB /* MyWatchlistsTableViewCell.swift in Sources */,
				012055802B608A8200FD95AA /* WatchlistService.swift in Sources */,
				01037B5D2B63B3BD005FEFC2 /* SearchSymbolResponse.swift in Sources */,
				01037B5B2B63AFC8005FEFC2 /* SearchSymbolRequest.swift in Sources */,
				010D09962B601AA700763897 /* WatchlistViewModel.swift in Sources */,
				01F820922B6B13B9006CE2BD /* WatchlistStorage.swift in Sources */,
				01B602452B65A4E800E6B7BB /* Publishers.swift in Sources */,
				010D09A02B602B9A00763897 /* HttpMethod.swift in Sources */,
				014A63402B6ACDE1008F4BE3 /* AsyncResult.swift in Sources */,
				010D09922B60155100763897 /* TypedViewController.swift in Sources */,
				01B602332B649C0900E6B7BB /* SymbolSearchResultTableViewCell.swift in Sources */,
				01037B542B63316C005FEFC2 /* SymbolSearchView.swift in Sources */,
				010D099E2B6028D200763897 /* StockQuoteResponse.swift in Sources */,
				01B602412B65896C00E6B7BB /* SymbolDetailsView.swift in Sources */,
				010D09A22B602F0F00763897 /* Request.swift in Sources */,
				015B51F02B5EE122000F7071 /* AppDelegate.swift in Sources */,
				01B6024A2B69A62B00E6B7BB /* MyWatchlistsView.swift in Sources */,
				015B51F22B5EE122000F7071 /* SceneDelegate.swift in Sources */,
				01D41D952B62B731004B6789 /* Typography.swift in Sources */,
				012055842B615AB300FD95AA /* QuotesRequest.swift in Sources */,
				014A633E2B6AC62C008F4BE3 /* WatchlistView.swift in Sources */,
				01037B612B63BC24005FEFC2 /* DataJSONDecoder.swift in Sources */,
				01037B632B63E32F005FEFC2 /* APIError.swift in Sources */,
				01B6023A2B6587F400E6B7BB /* ChartView.swift in Sources */,
			);
			runOnlyForDeploymentPostprocessing = 0;
		};
		015B51FE2B5EE124000F7071 /* Sources */ = {
			isa = PBXSourcesBuildPhase;
			buildActionMask = 2147483647;
			files = (
				015B52072B5EE124000F7071 /* tasty_assignmentTests.swift in Sources */,
			);
			runOnlyForDeploymentPostprocessing = 0;
		};
		015B52082B5EE124000F7071 /* Sources */ = {
			isa = PBXSourcesBuildPhase;
			buildActionMask = 2147483647;
			files = (
				015B52112B5EE124000F7071 /* tasty_assignmentUITests.swift in Sources */,
				015B52132B5EE124000F7071 /* tasty_assignmentUITestsLaunchTests.swift in Sources */,
			);
			runOnlyForDeploymentPostprocessing = 0;
		};
/* End PBXSourcesBuildPhase section */

/* Begin PBXTargetDependency section */
		015B52042B5EE124000F7071 /* PBXTargetDependency */ = {
			isa = PBXTargetDependency;
			target = 015B51EB2B5EE122000F7071 /* tasty-assignment */;
			targetProxy = 015B52032B5EE124000F7071 /* PBXContainerItemProxy */;
		};
		015B520E2B5EE124000F7071 /* PBXTargetDependency */ = {
			isa = PBXTargetDependency;
			target = 015B51EB2B5EE122000F7071 /* tasty-assignment */;
			targetProxy = 015B520D2B5EE124000F7071 /* PBXContainerItemProxy */;
		};
/* End PBXTargetDependency section */

/* Begin PBXVariantGroup section */
		015B51FA2B5EE123000F7071 /* LaunchScreen.storyboard */ = {
			isa = PBXVariantGroup;
			children = (
				015B51FB2B5EE123000F7071 /* Base */,
			);
			name = LaunchScreen.storyboard;
			sourceTree = "<group>";
		};
/* End PBXVariantGroup section */

/* Begin XCBuildConfiguration section */
		015B52142B5EE124000F7071 /* Debug */ = {
			isa = XCBuildConfiguration;
			buildSettings = {
				ALWAYS_SEARCH_USER_PATHS = NO;
				ASSETCATALOG_COMPILER_GENERATE_SWIFT_ASSET_SYMBOL_EXTENSIONS = YES;
				CLANG_ANALYZER_NONNULL = YES;
				CLANG_ANALYZER_NUMBER_OBJECT_CONVERSION = YES_AGGRESSIVE;
				CLANG_CXX_LANGUAGE_STANDARD = "gnu++20";
				CLANG_ENABLE_MODULES = YES;
				CLANG_ENABLE_OBJC_ARC = YES;
				CLANG_ENABLE_OBJC_WEAK = YES;
				CLANG_WARN_BLOCK_CAPTURE_AUTORELEASING = YES;
				CLANG_WARN_BOOL_CONVERSION = YES;
				CLANG_WARN_COMMA = YES;
				CLANG_WARN_CONSTANT_CONVERSION = YES;
				CLANG_WARN_DEPRECATED_OBJC_IMPLEMENTATIONS = YES;
				CLANG_WARN_DIRECT_OBJC_ISA_USAGE = YES_ERROR;
				CLANG_WARN_DOCUMENTATION_COMMENTS = YES;
				CLANG_WARN_EMPTY_BODY = YES;
				CLANG_WARN_ENUM_CONVERSION = YES;
				CLANG_WARN_INFINITE_RECURSION = YES;
				CLANG_WARN_INT_CONVERSION = YES;
				CLANG_WARN_NON_LITERAL_NULL_CONVERSION = YES;
				CLANG_WARN_OBJC_IMPLICIT_RETAIN_SELF = YES;
				CLANG_WARN_OBJC_LITERAL_CONVERSION = YES;
				CLANG_WARN_OBJC_ROOT_CLASS = YES_ERROR;
				CLANG_WARN_QUOTED_INCLUDE_IN_FRAMEWORK_HEADER = YES;
				CLANG_WARN_RANGE_LOOP_ANALYSIS = YES;
				CLANG_WARN_STRICT_PROTOTYPES = YES;
				CLANG_WARN_SUSPICIOUS_MOVE = YES;
				CLANG_WARN_UNGUARDED_AVAILABILITY = YES_AGGRESSIVE;
				CLANG_WARN_UNREACHABLE_CODE = YES;
				CLANG_WARN__DUPLICATE_METHOD_MATCH = YES;
				COPY_PHASE_STRIP = NO;
				DEBUG_INFORMATION_FORMAT = dwarf;
				ENABLE_STRICT_OBJC_MSGSEND = YES;
				ENABLE_TESTABILITY = YES;
				ENABLE_USER_SCRIPT_SANDBOXING = YES;
				GCC_C_LANGUAGE_STANDARD = gnu17;
				GCC_DYNAMIC_NO_PIC = NO;
				GCC_NO_COMMON_BLOCKS = YES;
				GCC_OPTIMIZATION_LEVEL = 0;
				GCC_PREPROCESSOR_DEFINITIONS = (
					"DEBUG=1",
					"$(inherited)",
				);
				GCC_WARN_64_TO_32_BIT_CONVERSION = YES;
				GCC_WARN_ABOUT_RETURN_TYPE = YES_ERROR;
				GCC_WARN_UNDECLARED_SELECTOR = YES;
				GCC_WARN_UNINITIALIZED_AUTOS = YES_AGGRESSIVE;
				GCC_WARN_UNUSED_FUNCTION = YES;
				GCC_WARN_UNUSED_VARIABLE = YES;
				IPHONEOS_DEPLOYMENT_TARGET = 14.0;
				LOCALIZATION_PREFERS_STRING_CATALOGS = YES;
				MTL_ENABLE_DEBUG_INFO = INCLUDE_SOURCE;
				MTL_FAST_MATH = YES;
				ONLY_ACTIVE_ARCH = YES;
				SDKROOT = iphoneos;
				SWIFT_ACTIVE_COMPILATION_CONDITIONS = "DEBUG $(inherited)";
				SWIFT_OPTIMIZATION_LEVEL = "-Onone";
			};
			name = Debug;
		};
		015B52152B5EE124000F7071 /* Release */ = {
			isa = XCBuildConfiguration;
			buildSettings = {
				ALWAYS_SEARCH_USER_PATHS = NO;
				ASSETCATALOG_COMPILER_GENERATE_SWIFT_ASSET_SYMBOL_EXTENSIONS = YES;
				CLANG_ANALYZER_NONNULL = YES;
				CLANG_ANALYZER_NUMBER_OBJECT_CONVERSION = YES_AGGRESSIVE;
				CLANG_CXX_LANGUAGE_STANDARD = "gnu++20";
				CLANG_ENABLE_MODULES = YES;
				CLANG_ENABLE_OBJC_ARC = YES;
				CLANG_ENABLE_OBJC_WEAK = YES;
				CLANG_WARN_BLOCK_CAPTURE_AUTORELEASING = YES;
				CLANG_WARN_BOOL_CONVERSION = YES;
				CLANG_WARN_COMMA = YES;
				CLANG_WARN_CONSTANT_CONVERSION = YES;
				CLANG_WARN_DEPRECATED_OBJC_IMPLEMENTATIONS = YES;
				CLANG_WARN_DIRECT_OBJC_ISA_USAGE = YES_ERROR;
				CLANG_WARN_DOCUMENTATION_COMMENTS = YES;
				CLANG_WARN_EMPTY_BODY = YES;
				CLANG_WARN_ENUM_CONVERSION = YES;
				CLANG_WARN_INFINITE_RECURSION = YES;
				CLANG_WARN_INT_CONVERSION = YES;
				CLANG_WARN_NON_LITERAL_NULL_CONVERSION = YES;
				CLANG_WARN_OBJC_IMPLICIT_RETAIN_SELF = YES;
				CLANG_WARN_OBJC_LITERAL_CONVERSION = YES;
				CLANG_WARN_OBJC_ROOT_CLASS = YES_ERROR;
				CLANG_WARN_QUOTED_INCLUDE_IN_FRAMEWORK_HEADER = YES;
				CLANG_WARN_RANGE_LOOP_ANALYSIS = YES;
				CLANG_WARN_STRICT_PROTOTYPES = YES;
				CLANG_WARN_SUSPICIOUS_MOVE = YES;
				CLANG_WARN_UNGUARDED_AVAILABILITY = YES_AGGRESSIVE;
				CLANG_WARN_UNREACHABLE_CODE = YES;
				CLANG_WARN__DUPLICATE_METHOD_MATCH = YES;
				COPY_PHASE_STRIP = NO;
				DEBUG_INFORMATION_FORMAT = "dwarf-with-dsym";
				ENABLE_NS_ASSERTIONS = NO;
				ENABLE_STRICT_OBJC_MSGSEND = YES;
				ENABLE_USER_SCRIPT_SANDBOXING = YES;
				GCC_C_LANGUAGE_STANDARD = gnu17;
				GCC_NO_COMMON_BLOCKS = YES;
				GCC_WARN_64_TO_32_BIT_CONVERSION = YES;
				GCC_WARN_ABOUT_RETURN_TYPE = YES_ERROR;
				GCC_WARN_UNDECLARED_SELECTOR = YES;
				GCC_WARN_UNINITIALIZED_AUTOS = YES_AGGRESSIVE;
				GCC_WARN_UNUSED_FUNCTION = YES;
				GCC_WARN_UNUSED_VARIABLE = YES;
				IPHONEOS_DEPLOYMENT_TARGET = 14.0;
				LOCALIZATION_PREFERS_STRING_CATALOGS = YES;
				MTL_ENABLE_DEBUG_INFO = NO;
				MTL_FAST_MATH = YES;
				SDKROOT = iphoneos;
				SWIFT_COMPILATION_MODE = wholemodule;
				VALIDATE_PRODUCT = YES;
			};
			name = Release;
		};
		015B52172B5EE124000F7071 /* Debug */ = {
			isa = XCBuildConfiguration;
			buildSettings = {
				ASSETCATALOG_COMPILER_APPICON_NAME = AppIcon;
				ASSETCATALOG_COMPILER_GLOBAL_ACCENT_COLOR_NAME = AccentColor;
				CODE_SIGN_STYLE = Automatic;
				CURRENT_PROJECT_VERSION = 1;
				DEVELOPMENT_TEAM = K67DDDH799;
				GENERATE_INFOPLIST_FILE = YES;
				INFOPLIST_FILE = "tasty-assignment/Info.plist";
				INFOPLIST_KEY_CFBundleDisplayName = "Tasty Watchlist";
				INFOPLIST_KEY_UIApplicationSupportsIndirectInputEvents = YES;
				INFOPLIST_KEY_UILaunchStoryboardName = LaunchScreen;
				INFOPLIST_KEY_UISupportedInterfaceOrientations_iPad = "UIInterfaceOrientationPortrait UIInterfaceOrientationPortraitUpsideDown UIInterfaceOrientationLandscapeLeft UIInterfaceOrientationLandscapeRight";
				INFOPLIST_KEY_UISupportedInterfaceOrientations_iPhone = "UIInterfaceOrientationPortrait UIInterfaceOrientationLandscapeLeft UIInterfaceOrientationLandscapeRight";
				IPHONEOS_DEPLOYMENT_TARGET = 14.0;
				LD_RUNPATH_SEARCH_PATHS = (
					"$(inherited)",
					"@executable_path/Frameworks",
				);
				MARKETING_VERSION = 1.0;
				PRODUCT_BUNDLE_IDENTIFIER = "com.tastytrade.tasty-watchlist";
				PRODUCT_NAME = "$(TARGET_NAME)";
				SWIFT_EMIT_LOC_STRINGS = YES;
				SWIFT_VERSION = 5.0;
				TARGETED_DEVICE_FAMILY = "1,2";
			};
			name = Debug;
		};
		015B52182B5EE124000F7071 /* Release */ = {
			isa = XCBuildConfiguration;
			buildSettings = {
				ASSETCATALOG_COMPILER_APPICON_NAME = AppIcon;
				ASSETCATALOG_COMPILER_GLOBAL_ACCENT_COLOR_NAME = AccentColor;
				CODE_SIGN_STYLE = Automatic;
				CURRENT_PROJECT_VERSION = 1;
				DEVELOPMENT_TEAM = K67DDDH799;
				GENERATE_INFOPLIST_FILE = YES;
				INFOPLIST_FILE = "tasty-assignment/Info.plist";
				INFOPLIST_KEY_CFBundleDisplayName = "Tasty Watchlist";
				INFOPLIST_KEY_UIApplicationSupportsIndirectInputEvents = YES;
				INFOPLIST_KEY_UILaunchStoryboardName = LaunchScreen;
				INFOPLIST_KEY_UISupportedInterfaceOrientations_iPad = "UIInterfaceOrientationPortrait UIInterfaceOrientationPortraitUpsideDown UIInterfaceOrientationLandscapeLeft UIInterfaceOrientationLandscapeRight";
				INFOPLIST_KEY_UISupportedInterfaceOrientations_iPhone = "UIInterfaceOrientationPortrait UIInterfaceOrientationLandscapeLeft UIInterfaceOrientationLandscapeRight";
				IPHONEOS_DEPLOYMENT_TARGET = 14.0;
				LD_RUNPATH_SEARCH_PATHS = (
					"$(inherited)",
					"@executable_path/Frameworks",
				);
				MARKETING_VERSION = 1.0;
				PRODUCT_BUNDLE_IDENTIFIER = "com.tastytrade.tasty-watchlist";
				PRODUCT_NAME = "$(TARGET_NAME)";
				SWIFT_EMIT_LOC_STRINGS = YES;
				SWIFT_VERSION = 5.0;
				TARGETED_DEVICE_FAMILY = "1,2";
			};
			name = Release;
		};
		015B521A2B5EE124000F7071 /* Debug */ = {
			isa = XCBuildConfiguration;
			buildSettings = {
				ALWAYS_EMBED_SWIFT_STANDARD_LIBRARIES = YES;
				BUNDLE_LOADER = "$(TEST_HOST)";
				CODE_SIGN_STYLE = Automatic;
				CURRENT_PROJECT_VERSION = 1;
				DEVELOPMENT_TEAM = K67DDDH799;
				GENERATE_INFOPLIST_FILE = YES;
				IPHONEOS_DEPLOYMENT_TARGET = 14.0;
				MARKETING_VERSION = 1.0;
				PRODUCT_BUNDLE_IDENTIFIER = "com.tastytrade.tasty-tastyWatchlisTests";
				PRODUCT_NAME = "$(TARGET_NAME)";
				SWIFT_EMIT_LOC_STRINGS = NO;
				SWIFT_VERSION = 5.0;
				TARGETED_DEVICE_FAMILY = "1,2";
				TEST_HOST = "$(BUILT_PRODUCTS_DIR)/tasty-assignment.app/$(BUNDLE_EXECUTABLE_FOLDER_PATH)/tasty-assignment";
			};
			name = Debug;
		};
		015B521B2B5EE124000F7071 /* Release */ = {
			isa = XCBuildConfiguration;
			buildSettings = {
				ALWAYS_EMBED_SWIFT_STANDARD_LIBRARIES = YES;
				BUNDLE_LOADER = "$(TEST_HOST)";
				CODE_SIGN_STYLE = Automatic;
				CURRENT_PROJECT_VERSION = 1;
				DEVELOPMENT_TEAM = K67DDDH799;
				GENERATE_INFOPLIST_FILE = YES;
				IPHONEOS_DEPLOYMENT_TARGET = 14.0;
				MARKETING_VERSION = 1.0;
				PRODUCT_BUNDLE_IDENTIFIER = "com.tastytrade.tasty-tastyWatchlisTests";
				PRODUCT_NAME = "$(TARGET_NAME)";
				SWIFT_EMIT_LOC_STRINGS = NO;
				SWIFT_VERSION = 5.0;
				TARGETED_DEVICE_FAMILY = "1,2";
				TEST_HOST = "$(BUILT_PRODUCTS_DIR)/tasty-assignment.app/$(BUNDLE_EXECUTABLE_FOLDER_PATH)/tasty-assignment";
			};
			name = Release;
		};
		015B521D2B5EE124000F7071 /* Debug */ = {
			isa = XCBuildConfiguration;
			buildSettings = {
				ALWAYS_EMBED_SWIFT_STANDARD_LIBRARIES = YES;
				CODE_SIGN_STYLE = Automatic;
				CURRENT_PROJECT_VERSION = 1;
				DEVELOPMENT_TEAM = K67DDDH799;
				GENERATE_INFOPLIST_FILE = YES;
				IPHONEOS_DEPLOYMENT_TARGET = 14.0;
				MARKETING_VERSION = 1.0;
				PRODUCT_BUNDLE_IDENTIFIER = "com.tastytrade.tasty-watchlistUITests";
				PRODUCT_NAME = "$(TARGET_NAME)";
				SWIFT_EMIT_LOC_STRINGS = NO;
				SWIFT_VERSION = 5.0;
				TARGETED_DEVICE_FAMILY = "1,2";
				TEST_TARGET_NAME = "tasty-assignment";
			};
			name = Debug;
		};
		015B521E2B5EE124000F7071 /* Release */ = {
			isa = XCBuildConfiguration;
			buildSettings = {
				ALWAYS_EMBED_SWIFT_STANDARD_LIBRARIES = YES;
				CODE_SIGN_STYLE = Automatic;
				CURRENT_PROJECT_VERSION = 1;
				DEVELOPMENT_TEAM = K67DDDH799;
				GENERATE_INFOPLIST_FILE = YES;
				IPHONEOS_DEPLOYMENT_TARGET = 14.0;
				MARKETING_VERSION = 1.0;
				PRODUCT_BUNDLE_IDENTIFIER = "com.tastytrade.tasty-watchlistUITests";
				PRODUCT_NAME = "$(TARGET_NAME)";
				SWIFT_EMIT_LOC_STRINGS = NO;
				SWIFT_VERSION = 5.0;
				TARGETED_DEVICE_FAMILY = "1,2";
				TEST_TARGET_NAME = "tasty-assignment";
			};
			name = Release;
		};
/* End XCBuildConfiguration section */

/* Begin XCConfigurationList section */
		015B51E72B5EE122000F7071 /* Build configuration list for PBXProject "tasty-assignment" */ = {
			isa = XCConfigurationList;
			buildConfigurations = (
				015B52142B5EE124000F7071 /* Debug */,
				015B52152B5EE124000F7071 /* Release */,
			);
			defaultConfigurationIsVisible = 0;
			defaultConfigurationName = Release;
		};
		015B52162B5EE124000F7071 /* Build configuration list for PBXNativeTarget "tasty-assignment" */ = {
			isa = XCConfigurationList;
			buildConfigurations = (
				015B52172B5EE124000F7071 /* Debug */,
				015B52182B5EE124000F7071 /* Release */,
			);
			defaultConfigurationIsVisible = 0;
			defaultConfigurationName = Release;
		};
		015B52192B5EE124000F7071 /* Build configuration list for PBXNativeTarget "tasty-assignmentTests" */ = {
			isa = XCConfigurationList;
			buildConfigurations = (
				015B521A2B5EE124000F7071 /* Debug */,
				015B521B2B5EE124000F7071 /* Release */,
			);
			defaultConfigurationIsVisible = 0;
			defaultConfigurationName = Release;
		};
		015B521C2B5EE124000F7071 /* Build configuration list for PBXNativeTarget "tasty-assignmentUITests" */ = {
			isa = XCConfigurationList;
			buildConfigurations = (
				015B521D2B5EE124000F7071 /* Debug */,
				015B521E2B5EE124000F7071 /* Release */,
			);
			defaultConfigurationIsVisible = 0;
			defaultConfigurationName = Release;
		};
/* End XCConfigurationList section */

/* Begin XCRemoteSwiftPackageReference section */
		01037B4B2B62B7B4005FEFC2 /* XCRemoteSwiftPackageReference "SnapKit" */ = {
			isa = XCRemoteSwiftPackageReference;
			repositoryURL = "https://github.com/SnapKit/SnapKit.git";
			requirement = {
				kind = upToNextMajorVersion;
				minimumVersion = 5.7.0;
			};
		};
		01B6023B2B65885400E6B7BB /* XCRemoteSwiftPackageReference "Charts" */ = {
			isa = XCRemoteSwiftPackageReference;
			repositoryURL = "https://github.com/danielgindi/Charts.git";
			requirement = {
				kind = upToNextMajorVersion;
				minimumVersion = 5.0.0;
			};
		};
/* End XCRemoteSwiftPackageReference section */

/* Begin XCSwiftPackageProductDependency section */
		01037B4C2B62B7B4005FEFC2 /* SnapKit */ = {
			isa = XCSwiftPackageProductDependency;
			package = 01037B4B2B62B7B4005FEFC2 /* XCRemoteSwiftPackageReference "SnapKit" */;
			productName = SnapKit;
		};
		01037B4E2B62B7B4005FEFC2 /* SnapKit-Dynamic */ = {
			isa = XCSwiftPackageProductDependency;
			package = 01037B4B2B62B7B4005FEFC2 /* XCRemoteSwiftPackageReference "SnapKit" */;
			productName = "SnapKit-Dynamic";
		};
		01B6023C2B65885400E6B7BB /* DGCharts */ = {
			isa = XCSwiftPackageProductDependency;
			package = 01B6023B2B65885400E6B7BB /* XCRemoteSwiftPackageReference "Charts" */;
			productName = DGCharts;
		};
		01B6023E2B65885400E6B7BB /* DGChartsDynamic */ = {
			isa = XCSwiftPackageProductDependency;
			package = 01B6023B2B65885400E6B7BB /* XCRemoteSwiftPackageReference "Charts" */;
			productName = DGChartsDynamic;
		};
/* End XCSwiftPackageProductDependency section */
	};
	rootObject = 015B51E42B5EE122000F7071 /* Project object */;
}
